
Microsoft Visual Studio Solution File, Format Version 12.00
# Visual Studio 15
VisualStudioVersion = 15.0.26430.14
MinimumVisualStudioVersion = 10.0.40219.1
Project("{FAE04EC0-301F-11D3-BF4B-00C04F79EFBC}") = "01.Vehicles", "01.Vehicles\01.Vehicles.csproj", "{24EA6D35-C0DC-4013-A5C7-075569234F18}"
EndProject
Project("{FAE04EC0-301F-11D3-BF4B-00C04F79EFBC}") = "02.VehiclesExtension", "02.VehiclesExtension\02.VehiclesExtension.csproj", "{49CA0C5F-1425-46E0-9A50-C5257CF35A8A}"
EndProject
Project("{FAE04EC0-301F-11D3-BF4B-00C04F79EFBC}") = "03.WildFarm", "03.WildFarm\03.WildFarm.csproj", "{77C4B1E4-E7FD-452C-9E87-F348A5745F11}"
EndProject
Global
	GlobalSection(SolutionConfigurationPlatforms) = preSolution
		Debug|Any CPU = Debug|Any CPU
		Release|Any CPU = Release|Any CPU
	EndGlobalSection
	GlobalSection(ProjectConfigurationPlatforms) = postSolution
		{24EA6D35-C0DC-4013-A5C7-075569234F18}.Debug|Any CPU.ActiveCfg = Debug|Any CPU
		{24EA6D35-C0DC-4013-A5C7-075569234F18}.Debug|Any CPU.Build.0 = Debug|Any CPU
		{24EA6D35-C0DC-4013-A5C7-075569234F18}.Release|Any CPU.ActiveCfg = Release|Any CPU
		{24EA6D35-C0DC-4013-A5C7-075569234F18}.Release|Any CPU.Build.0 = Release|Any CPU
		{49CA0C5F-1425-46E0-9A50-C5257CF35A8A}.Debug|Any CPU.ActiveCfg = Debug|Any CPU
		{49CA0C5F-1425-46E0-9A50-C5257CF35A8A}.Debug|Any CPU.Build.0 = Debug|Any CPU
		{49CA0C5F-1425-46E0-9A50-C5257CF35A8A}.Release|Any CPU.ActiveCfg = Release|Any CPU
		{49CA0C5F-1425-46E0-9A50-C5257CF35A8A}.Release|Any CPU.Build.0 = Release|Any CPU
		{77C4B1E4-E7FD-452C-9E87-F348A5745F11}.Debug|Any CPU.ActiveCfg = Debug|Any CPU
		{77C4B1E4-E7FD-452C-9E87-F348A5745F11}.Debug|Any CPU.Build.0 = Debug|Any CPU
		{77C4B1E4-E7FD-452C-9E87-F348A5745F11}.Release|Any CPU.ActiveCfg = Release|Any CPU
		{77C4B1E4-E7FD-452C-9E87-F348A5745F11}.Release|Any CPU.Build.0 = Release|Any CPU
	EndGlobalSection
	GlobalSection(SolutionProperties) = preSolution
		HideSolutionNode = FALSE
	EndGlobalSection
EndGlobal
