
Microsoft Visual Studio Solution File, Format Version 12.00
# Visual Studio 15
VisualStudioVersion = 15.0.26430.14
MinimumVisualStudioVersion = 10.0.40219.1
Project("{FAE04EC0-301F-11D3-BF4B-00C04F79EFBC}") = "01.Person", "01.Person\01.Person.csproj", "{7B4FB02E-00FB-41B9-90C6-77BC8963EDAE}"
EndProject
Project("{FAE04EC0-301F-11D3-BF4B-00C04F79EFBC}") = "02.BookShop", "02.BookShop\02.BookShop.csproj", "{304CA4F2-ACD6-4E41-887C-CE8E3F1B0327}"
EndProject
Project("{FAE04EC0-301F-11D3-BF4B-00C04F79EFBC}") = "03.Mankind", "03.Mankind\03.Mankind.csproj", "{46A61484-4C81-481B-B21B-E0AEE6CC800F}"
EndProject
Project("{FAE04EC0-301F-11D3-BF4B-00C04F79EFBC}") = "04.OnlineRadioDatabase", "04.OnlineRadioDatabase\04.OnlineRadioDatabase.csproj", "{7DBC6C49-0637-47CF-BBCE-45EC7227F355}"
EndProject
Project("{FAE04EC0-301F-11D3-BF4B-00C04F79EFBC}") = "05.MordorsCrueltyPlan", "05.MordorsCrueltyPlan\05.MordorsCrueltyPlan.csproj", "{E2BE8FB0-C0AE-46D7-B962-B05CE10406B0}"
EndProject
Project("{FAE04EC0-301F-11D3-BF4B-00C04F79EFBC}") = "06.Animals", "06.Animals\06.Animals.csproj", "{B5017F28-A8AA-44AE-B6CD-5BB07DB7CE31}"
EndProject
Global
	GlobalSection(SolutionConfigurationPlatforms) = preSolution
		Debug|Any CPU = Debug|Any CPU
		Release|Any CPU = Release|Any CPU
	EndGlobalSection
	GlobalSection(ProjectConfigurationPlatforms) = postSolution
		{7B4FB02E-00FB-41B9-90C6-77BC8963EDAE}.Debug|Any CPU.ActiveCfg = Debug|Any CPU
		{7B4FB02E-00FB-41B9-90C6-77BC8963EDAE}.Debug|Any CPU.Build.0 = Debug|Any CPU
		{7B4FB02E-00FB-41B9-90C6-77BC8963EDAE}.Release|Any CPU.ActiveCfg = Release|Any CPU
		{7B4FB02E-00FB-41B9-90C6-77BC8963EDAE}.Release|Any CPU.Build.0 = Release|Any CPU
		{304CA4F2-ACD6-4E41-887C-CE8E3F1B0327}.Debug|Any CPU.ActiveCfg = Debug|Any CPU
		{304CA4F2-ACD6-4E41-887C-CE8E3F1B0327}.Debug|Any CPU.Build.0 = Debug|Any CPU
		{304CA4F2-ACD6-4E41-887C-CE8E3F1B0327}.Release|Any CPU.ActiveCfg = Release|Any CPU
		{304CA4F2-ACD6-4E41-887C-CE8E3F1B0327}.Release|Any CPU.Build.0 = Release|Any CPU
		{46A61484-4C81-481B-B21B-E0AEE6CC800F}.Debug|Any CPU.ActiveCfg = Debug|Any CPU
		{46A61484-4C81-481B-B21B-E0AEE6CC800F}.Debug|Any CPU.Build.0 = Debug|Any CPU
		{46A61484-4C81-481B-B21B-E0AEE6CC800F}.Release|Any CPU.ActiveCfg = Release|Any CPU
		{46A61484-4C81-481B-B21B-E0AEE6CC800F}.Release|Any CPU.Build.0 = Release|Any CPU
		{7DBC6C49-0637-47CF-BBCE-45EC7227F355}.Debug|Any CPU.ActiveCfg = Debug|Any CPU
		{7DBC6C49-0637-47CF-BBCE-45EC7227F355}.Debug|Any CPU.Build.0 = Debug|Any CPU
		{7DBC6C49-0637-47CF-BBCE-45EC7227F355}.Release|Any CPU.ActiveCfg = Release|Any CPU
		{7DBC6C49-0637-47CF-BBCE-45EC7227F355}.Release|Any CPU.Build.0 = Release|Any CPU
		{E2BE8FB0-C0AE-46D7-B962-B05CE10406B0}.Debug|Any CPU.ActiveCfg = Debug|Any CPU
		{E2BE8FB0-C0AE-46D7-B962-B05CE10406B0}.Debug|Any CPU.Build.0 = Debug|Any CPU
		{E2BE8FB0-C0AE-46D7-B962-B05CE10406B0}.Release|Any CPU.ActiveCfg = Release|Any CPU
		{E2BE8FB0-C0AE-46D7-B962-B05CE10406B0}.Release|Any CPU.Build.0 = Release|Any CPU
		{B5017F28-A8AA-44AE-B6CD-5BB07DB7CE31}.Debug|Any CPU.ActiveCfg = Debug|Any CPU
		{B5017F28-A8AA-44AE-B6CD-5BB07DB7CE31}.Debug|Any CPU.Build.0 = Debug|Any CPU
		{B5017F28-A8AA-44AE-B6CD-5BB07DB7CE31}.Release|Any CPU.ActiveCfg = Release|Any CPU
		{B5017F28-A8AA-44AE-B6CD-5BB07DB7CE31}.Release|Any CPU.Build.0 = Release|Any CPU
	EndGlobalSection
	GlobalSection(SolutionProperties) = preSolution
		HideSolutionNode = FALSE
	EndGlobalSection
EndGlobal
