
Microsoft Visual Studio Solution File, Format Version 12.00
# Visual Studio 15
VisualStudioVersion = 15.0.26430.14
MinimumVisualStudioVersion = 10.0.40219.1
Project("{FAE04EC0-301F-11D3-BF4B-00C04F79EFBC}") = "RetakeExamGrandPrix", "RetakeExamGrandPrix\RetakeExamGrandPrix.csproj", "{608C9BD0-04AE-4AED-9712-CD10CC24826D}"
EndProject
Global
	GlobalSection(SolutionConfigurationPlatforms) = preSolution
		Debug|Any CPU = Debug|Any CPU
		Release|Any CPU = Release|Any CPU
	EndGlobalSection
	GlobalSection(ProjectConfigurationPlatforms) = postSolution
		{608C9BD0-04AE-4AED-9712-CD10CC24826D}.Debug|Any CPU.ActiveCfg = Debug|Any CPU
		{608C9BD0-04AE-4AED-9712-CD10CC24826D}.Debug|Any CPU.Build.0 = Debug|Any CPU
		{608C9BD0-04AE-4AED-9712-CD10CC24826D}.Release|Any CPU.ActiveCfg = Release|Any CPU
		{608C9BD0-04AE-4AED-9712-CD10CC24826D}.Release|Any CPU.Build.0 = Release|Any CPU
	EndGlobalSection
	GlobalSection(SolutionProperties) = preSolution
		HideSolutionNode = FALSE
	EndGlobalSection
EndGlobal
