
Microsoft Visual Studio Solution File, Format Version 12.00
# Visual Studio 15
VisualStudioVersion = 15.0.26430.14
MinimumVisualStudioVersion = 10.0.40219.1
Project("{FAE04EC0-301F-11D3-BF4B-00C04F79EFBC}") = "01.Database", "01.Database\01.Database.csproj", "{E8C2599B-3BAC-473F-AEE9-0FBDF2F5DDC4}"
EndProject
Project("{FAE04EC0-301F-11D3-BF4B-00C04F79EFBC}") = "01.Database.Tests", "01.Database.Tests\01.Database.Tests.csproj", "{8EDF4429-251A-416D-BB68-93F227191BCF}"
EndProject
Project("{FAE04EC0-301F-11D3-BF4B-00C04F79EFBC}") = "02.ExtendedDatabase", "02.ExtendedDatabase\02.ExtendedDatabase.csproj", "{7E5BC66B-CBD5-4054-8A0E-F345F7966548}"
EndProject
Project("{FAE04EC0-301F-11D3-BF4B-00C04F79EFBC}") = "02.ExtendedDatabase.Tests", "02.ExtendedDatabase.Tests\02.ExtendedDatabase.Tests.csproj", "{5928D3F2-DE6A-4287-A9E6-B95EB2EB5B69}"
EndProject
Project("{FAE04EC0-301F-11D3-BF4B-00C04F79EFBC}") = "03.IteratorTest", "03.IteratorTest\03.IteratorTest.csproj", "{AEB13B45-7432-4B60-92FB-A7DDEB22589D}"
EndProject
Project("{FAE04EC0-301F-11D3-BF4B-00C04F79EFBC}") = "03.ListIterator.Tests", "03.ListIterator.Tests\03.ListIterator.Tests.csproj", "{6EFE273A-3656-44DC-8309-6C9FB1C8AA42}"
EndProject
Project("{FAE04EC0-301F-11D3-BF4B-00C04F79EFBC}") = "04.BubbleSort", "04.BubbleSort\04.BubbleSort.csproj", "{3DD0E951-3DEB-4538-83CF-86BDFDBDFE10}"
EndProject
Project("{FAE04EC0-301F-11D3-BF4B-00C04F79EFBC}") = "04.BubbleSortTests", "04.BubbleSortTests\04.BubbleSortTests.csproj", "{DB0F92DE-F1C2-463B-AD6A-D4A2ADCCF8B6}"
EndProject
Project("{FAE04EC0-301F-11D3-BF4B-00C04F79EFBC}") = "05.Integration", "05.Integration\05.Integration.csproj", "{967B0C2B-B25A-45CB-BC54-9369D4AF4F2D}"
EndProject
Project("{FAE04EC0-301F-11D3-BF4B-00C04F79EFBC}") = "06.Twitter", "06.Twitter\06.Twitter.csproj", "{B7CACAAB-99F9-48E5-994D-D883E00F2DAA}"
EndProject
Project("{FAE04EC0-301F-11D3-BF4B-00C04F79EFBC}") = "09.DateTime.Now.AddDays.Tests", "09.DateTime.Now.AddDays.Tests\09.DateTime.Now.AddDays.Tests.csproj", "{C4AB2D21-675E-43DD-96C8-8B872B7F0AF6}"
EndProject
Project("{FAE04EC0-301F-11D3-BF4B-00C04F79EFBC}") = "07.Hack", "07.Hack\07.Hack.csproj", "{AF927BB3-05B0-44E4-9D79-B070F3DFCD23}"
EndProject
Project("{FAE04EC0-301F-11D3-BF4B-00C04F79EFBC}") = "09.DateTime.Now.AddDays", "09.DateTime.Now.AddDays\09.DateTime.Now.AddDays.csproj", "{E1722F06-B83B-4514-ADC4-62EB68573835}"
EndProject
Global
	GlobalSection(SolutionConfigurationPlatforms) = preSolution
		Debug|Any CPU = Debug|Any CPU
		Release|Any CPU = Release|Any CPU
	EndGlobalSection
	GlobalSection(ProjectConfigurationPlatforms) = postSolution
		{E8C2599B-3BAC-473F-AEE9-0FBDF2F5DDC4}.Debug|Any CPU.ActiveCfg = Debug|Any CPU
		{E8C2599B-3BAC-473F-AEE9-0FBDF2F5DDC4}.Debug|Any CPU.Build.0 = Debug|Any CPU
		{E8C2599B-3BAC-473F-AEE9-0FBDF2F5DDC4}.Release|Any CPU.ActiveCfg = Release|Any CPU
		{E8C2599B-3BAC-473F-AEE9-0FBDF2F5DDC4}.Release|Any CPU.Build.0 = Release|Any CPU
		{8EDF4429-251A-416D-BB68-93F227191BCF}.Debug|Any CPU.ActiveCfg = Debug|Any CPU
		{8EDF4429-251A-416D-BB68-93F227191BCF}.Debug|Any CPU.Build.0 = Debug|Any CPU
		{8EDF4429-251A-416D-BB68-93F227191BCF}.Release|Any CPU.ActiveCfg = Release|Any CPU
		{8EDF4429-251A-416D-BB68-93F227191BCF}.Release|Any CPU.Build.0 = Release|Any CPU
		{7E5BC66B-CBD5-4054-8A0E-F345F7966548}.Debug|Any CPU.ActiveCfg = Debug|Any CPU
		{7E5BC66B-CBD5-4054-8A0E-F345F7966548}.Debug|Any CPU.Build.0 = Debug|Any CPU
		{7E5BC66B-CBD5-4054-8A0E-F345F7966548}.Release|Any CPU.ActiveCfg = Release|Any CPU
		{7E5BC66B-CBD5-4054-8A0E-F345F7966548}.Release|Any CPU.Build.0 = Release|Any CPU
		{5928D3F2-DE6A-4287-A9E6-B95EB2EB5B69}.Debug|Any CPU.ActiveCfg = Debug|Any CPU
		{5928D3F2-DE6A-4287-A9E6-B95EB2EB5B69}.Debug|Any CPU.Build.0 = Debug|Any CPU
		{5928D3F2-DE6A-4287-A9E6-B95EB2EB5B69}.Release|Any CPU.ActiveCfg = Release|Any CPU
		{5928D3F2-DE6A-4287-A9E6-B95EB2EB5B69}.Release|Any CPU.Build.0 = Release|Any CPU
		{AEB13B45-7432-4B60-92FB-A7DDEB22589D}.Debug|Any CPU.ActiveCfg = Debug|Any CPU
		{AEB13B45-7432-4B60-92FB-A7DDEB22589D}.Debug|Any CPU.Build.0 = Debug|Any CPU
		{AEB13B45-7432-4B60-92FB-A7DDEB22589D}.Release|Any CPU.ActiveCfg = Release|Any CPU
		{AEB13B45-7432-4B60-92FB-A7DDEB22589D}.Release|Any CPU.Build.0 = Release|Any CPU
		{6EFE273A-3656-44DC-8309-6C9FB1C8AA42}.Debug|Any CPU.ActiveCfg = Debug|Any CPU
		{6EFE273A-3656-44DC-8309-6C9FB1C8AA42}.Debug|Any CPU.Build.0 = Debug|Any CPU
		{6EFE273A-3656-44DC-8309-6C9FB1C8AA42}.Release|Any CPU.ActiveCfg = Release|Any CPU
		{6EFE273A-3656-44DC-8309-6C9FB1C8AA42}.Release|Any CPU.Build.0 = Release|Any CPU
		{3DD0E951-3DEB-4538-83CF-86BDFDBDFE10}.Debug|Any CPU.ActiveCfg = Debug|Any CPU
		{3DD0E951-3DEB-4538-83CF-86BDFDBDFE10}.Debug|Any CPU.Build.0 = Debug|Any CPU
		{3DD0E951-3DEB-4538-83CF-86BDFDBDFE10}.Release|Any CPU.ActiveCfg = Release|Any CPU
		{3DD0E951-3DEB-4538-83CF-86BDFDBDFE10}.Release|Any CPU.Build.0 = Release|Any CPU
		{DB0F92DE-F1C2-463B-AD6A-D4A2ADCCF8B6}.Debug|Any CPU.ActiveCfg = Debug|Any CPU
		{DB0F92DE-F1C2-463B-AD6A-D4A2ADCCF8B6}.Debug|Any CPU.Build.0 = Debug|Any CPU
		{DB0F92DE-F1C2-463B-AD6A-D4A2ADCCF8B6}.Release|Any CPU.ActiveCfg = Release|Any CPU
		{DB0F92DE-F1C2-463B-AD6A-D4A2ADCCF8B6}.Release|Any CPU.Build.0 = Release|Any CPU
		{967B0C2B-B25A-45CB-BC54-9369D4AF4F2D}.Debug|Any CPU.ActiveCfg = Debug|Any CPU
		{967B0C2B-B25A-45CB-BC54-9369D4AF4F2D}.Debug|Any CPU.Build.0 = Debug|Any CPU
		{967B0C2B-B25A-45CB-BC54-9369D4AF4F2D}.Release|Any CPU.ActiveCfg = Release|Any CPU
		{967B0C2B-B25A-45CB-BC54-9369D4AF4F2D}.Release|Any CPU.Build.0 = Release|Any CPU
		{B7CACAAB-99F9-48E5-994D-D883E00F2DAA}.Debug|Any CPU.ActiveCfg = Debug|Any CPU
		{B7CACAAB-99F9-48E5-994D-D883E00F2DAA}.Debug|Any CPU.Build.0 = Debug|Any CPU
		{B7CACAAB-99F9-48E5-994D-D883E00F2DAA}.Release|Any CPU.ActiveCfg = Release|Any CPU
		{B7CACAAB-99F9-48E5-994D-D883E00F2DAA}.Release|Any CPU.Build.0 = Release|Any CPU
		{C4AB2D21-675E-43DD-96C8-8B872B7F0AF6}.Debug|Any CPU.ActiveCfg = Debug|Any CPU
		{C4AB2D21-675E-43DD-96C8-8B872B7F0AF6}.Debug|Any CPU.Build.0 = Debug|Any CPU
		{C4AB2D21-675E-43DD-96C8-8B872B7F0AF6}.Release|Any CPU.ActiveCfg = Release|Any CPU
		{C4AB2D21-675E-43DD-96C8-8B872B7F0AF6}.Release|Any CPU.Build.0 = Release|Any CPU
		{AF927BB3-05B0-44E4-9D79-B070F3DFCD23}.Debug|Any CPU.ActiveCfg = Debug|Any CPU
		{AF927BB3-05B0-44E4-9D79-B070F3DFCD23}.Debug|Any CPU.Build.0 = Debug|Any CPU
		{AF927BB3-05B0-44E4-9D79-B070F3DFCD23}.Release|Any CPU.ActiveCfg = Release|Any CPU
		{AF927BB3-05B0-44E4-9D79-B070F3DFCD23}.Release|Any CPU.Build.0 = Release|Any CPU
		{E1722F06-B83B-4514-ADC4-62EB68573835}.Debug|Any CPU.ActiveCfg = Debug|Any CPU
		{E1722F06-B83B-4514-ADC4-62EB68573835}.Debug|Any CPU.Build.0 = Debug|Any CPU
		{E1722F06-B83B-4514-ADC4-62EB68573835}.Release|Any CPU.ActiveCfg = Release|Any CPU
		{E1722F06-B83B-4514-ADC4-62EB68573835}.Release|Any CPU.Build.0 = Release|Any CPU
	EndGlobalSection
	GlobalSection(SolutionProperties) = preSolution
		HideSolutionNode = FALSE
	EndGlobalSection
EndGlobal
