
Microsoft Visual Studio Solution File, Format Version 12.00
# Visual Studio 15
VisualStudioVersion = 15.0.26430.14
MinimumVisualStudioVersion = 10.0.40219.1
Project("{FAE04EC0-301F-11D3-BF4B-00C04F79EFBC}") = "01.Box", "01.Box\01.Box.csproj", "{6D3F6E6E-6AAE-4BB0-9C67-545007470CEC}"
EndProject
Project("{FAE04EC0-301F-11D3-BF4B-00C04F79EFBC}") = "02.ArrayCreator", "02.ArrayCreator\02.ArrayCreator.csproj", "{7631FC20-575F-48BF-AC81-E857BD388D7E}"
EndProject
Project("{FAE04EC0-301F-11D3-BF4B-00C04F79EFBC}") = "03.Scale", "03.Scale\03.Scale.csproj", "{D5259C68-8AAC-4F9C-82EC-C832A78F7DB9}"
EndProject
Global
	GlobalSection(SolutionConfigurationPlatforms) = preSolution
		Debug|Any CPU = Debug|Any CPU
		Release|Any CPU = Release|Any CPU
	EndGlobalSection
	GlobalSection(ProjectConfigurationPlatforms) = postSolution
		{6D3F6E6E-6AAE-4BB0-9C67-545007470CEC}.Debug|Any CPU.ActiveCfg = Debug|Any CPU
		{6D3F6E6E-6AAE-4BB0-9C67-545007470CEC}.Debug|Any CPU.Build.0 = Debug|Any CPU
		{6D3F6E6E-6AAE-4BB0-9C67-545007470CEC}.Release|Any CPU.ActiveCfg = Release|Any CPU
		{6D3F6E6E-6AAE-4BB0-9C67-545007470CEC}.Release|Any CPU.Build.0 = Release|Any CPU
		{7631FC20-575F-48BF-AC81-E857BD388D7E}.Debug|Any CPU.ActiveCfg = Debug|Any CPU
		{7631FC20-575F-48BF-AC81-E857BD388D7E}.Debug|Any CPU.Build.0 = Debug|Any CPU
		{7631FC20-575F-48BF-AC81-E857BD388D7E}.Release|Any CPU.ActiveCfg = Release|Any CPU
		{7631FC20-575F-48BF-AC81-E857BD388D7E}.Release|Any CPU.Build.0 = Release|Any CPU
		{D5259C68-8AAC-4F9C-82EC-C832A78F7DB9}.Debug|Any CPU.ActiveCfg = Debug|Any CPU
		{D5259C68-8AAC-4F9C-82EC-C832A78F7DB9}.Debug|Any CPU.Build.0 = Debug|Any CPU
		{D5259C68-8AAC-4F9C-82EC-C832A78F7DB9}.Release|Any CPU.ActiveCfg = Release|Any CPU
		{D5259C68-8AAC-4F9C-82EC-C832A78F7DB9}.Release|Any CPU.Build.0 = Release|Any CPU
	EndGlobalSection
	GlobalSection(SolutionProperties) = preSolution
		HideSolutionNode = FALSE
	EndGlobalSection
EndGlobal
