
Microsoft Visual Studio Solution File, Format Version 12.00
# Visual Studio 14
VisualStudioVersion = 14.0.25420.1
MinimumVisualStudioVersion = 10.0.40219.1
Project("{FAE04EC0-301F-11D3-BF4B-00C04F79EFBC}") = "01.ActionPrint", "01.ActionPrint\01.ActionPrint.csproj", "{E3BA57D5-563F-4349-9F0F-3E55DE7D6E9A}"
EndProject
Project("{FAE04EC0-301F-11D3-BF4B-00C04F79EFBC}") = "02.KnightsOfHonor", "02.KnightsOfHonor\02.KnightsOfHonor.csproj", "{4C954F2D-235D-44A4-A50F-0399F6803A8B}"
EndProject
Project("{FAE04EC0-301F-11D3-BF4B-00C04F79EFBC}") = "03.CustomMinFunction", "03.CustomMinFunction\03.CustomMinFunction.csproj", "{615737AB-4F8E-40B7-9210-E4290C5DAECD}"
EndProject
Project("{FAE04EC0-301F-11D3-BF4B-00C04F79EFBC}") = "04.FindEvensOrOdds", "04.FindEvensOrOdds\04.FindEvensOrOdds.csproj", "{B375EA9C-A87C-4491-B70F-1B78605DB9A9}"
EndProject
Project("{FAE04EC0-301F-11D3-BF4B-00C04F79EFBC}") = "05.AppliedArithmetics", "05.AppliedArithmetics\05.AppliedArithmetics.csproj", "{3BB22161-4191-4C40-BE7E-793AF6B7FAC4}"
EndProject
Project("{FAE04EC0-301F-11D3-BF4B-00C04F79EFBC}") = "06.ReverseAndExclude", "06.ReverseAndExclude\06.ReverseAndExclude.csproj", "{684AF42C-8C40-471C-BB21-108826BB3C47}"
EndProject
Project("{FAE04EC0-301F-11D3-BF4B-00C04F79EFBC}") = "07.PredicateForNames", "07.PredicateForNames\07.PredicateForNames.csproj", "{C868A2FB-B036-4B00-A52D-4E57ED508797}"
EndProject
Project("{FAE04EC0-301F-11D3-BF4B-00C04F79EFBC}") = "08.CustomComparator", "08.CustomComparator\08.CustomComparator.csproj", "{DC73C452-177D-4561-A798-AF663CFEA639}"
EndProject
Project("{FAE04EC0-301F-11D3-BF4B-00C04F79EFBC}") = "09.ListOfPredicates", "09.ListOfPredicates\09.ListOfPredicates.csproj", "{8B863F45-35A9-4E8B-B69F-E61A06DFFBC0}"
EndProject
Project("{FAE04EC0-301F-11D3-BF4B-00C04F79EFBC}") = "10.PredicateParty", "10.PredicateParty\10.PredicateParty.csproj", "{4D92B237-5559-4C51-A46D-9107E1117412}"
EndProject
Project("{FAE04EC0-301F-11D3-BF4B-00C04F79EFBC}") = "11.ThePartyReservationFilter", "11.ThePartyReservationFilter\11.ThePartyReservationFilter.csproj", "{FCD06B51-B6C5-4DA8-A6FD-718149947ECA}"
EndProject
Project("{FAE04EC0-301F-11D3-BF4B-00C04F79EFBC}") = "12.InfernoIII", "12.InfernoIII\12.InfernoIII.csproj", "{1A6BC641-6FD9-45BA-A0C9-04B211B9CC69}"
EndProject
Project("{FAE04EC0-301F-11D3-BF4B-00C04F79EFBC}") = "13.TriFunction", "13.TriFunction\13.TriFunction.csproj", "{CBE530AE-E652-4B90-A6D2-63F3AFE884AD}"
EndProject
Global
	GlobalSection(SolutionConfigurationPlatforms) = preSolution
		Debug|Any CPU = Debug|Any CPU
		Release|Any CPU = Release|Any CPU
	EndGlobalSection
	GlobalSection(ProjectConfigurationPlatforms) = postSolution
		{E3BA57D5-563F-4349-9F0F-3E55DE7D6E9A}.Debug|Any CPU.ActiveCfg = Debug|Any CPU
		{E3BA57D5-563F-4349-9F0F-3E55DE7D6E9A}.Debug|Any CPU.Build.0 = Debug|Any CPU
		{E3BA57D5-563F-4349-9F0F-3E55DE7D6E9A}.Release|Any CPU.ActiveCfg = Release|Any CPU
		{E3BA57D5-563F-4349-9F0F-3E55DE7D6E9A}.Release|Any CPU.Build.0 = Release|Any CPU
		{4C954F2D-235D-44A4-A50F-0399F6803A8B}.Debug|Any CPU.ActiveCfg = Debug|Any CPU
		{4C954F2D-235D-44A4-A50F-0399F6803A8B}.Debug|Any CPU.Build.0 = Debug|Any CPU
		{4C954F2D-235D-44A4-A50F-0399F6803A8B}.Release|Any CPU.ActiveCfg = Release|Any CPU
		{4C954F2D-235D-44A4-A50F-0399F6803A8B}.Release|Any CPU.Build.0 = Release|Any CPU
		{615737AB-4F8E-40B7-9210-E4290C5DAECD}.Debug|Any CPU.ActiveCfg = Debug|Any CPU
		{615737AB-4F8E-40B7-9210-E4290C5DAECD}.Debug|Any CPU.Build.0 = Debug|Any CPU
		{615737AB-4F8E-40B7-9210-E4290C5DAECD}.Release|Any CPU.ActiveCfg = Release|Any CPU
		{615737AB-4F8E-40B7-9210-E4290C5DAECD}.Release|Any CPU.Build.0 = Release|Any CPU
		{B375EA9C-A87C-4491-B70F-1B78605DB9A9}.Debug|Any CPU.ActiveCfg = Debug|Any CPU
		{B375EA9C-A87C-4491-B70F-1B78605DB9A9}.Debug|Any CPU.Build.0 = Debug|Any CPU
		{B375EA9C-A87C-4491-B70F-1B78605DB9A9}.Release|Any CPU.ActiveCfg = Release|Any CPU
		{B375EA9C-A87C-4491-B70F-1B78605DB9A9}.Release|Any CPU.Build.0 = Release|Any CPU
		{3BB22161-4191-4C40-BE7E-793AF6B7FAC4}.Debug|Any CPU.ActiveCfg = Debug|Any CPU
		{3BB22161-4191-4C40-BE7E-793AF6B7FAC4}.Debug|Any CPU.Build.0 = Debug|Any CPU
		{3BB22161-4191-4C40-BE7E-793AF6B7FAC4}.Release|Any CPU.ActiveCfg = Release|Any CPU
		{3BB22161-4191-4C40-BE7E-793AF6B7FAC4}.Release|Any CPU.Build.0 = Release|Any CPU
		{684AF42C-8C40-471C-BB21-108826BB3C47}.Debug|Any CPU.ActiveCfg = Debug|Any CPU
		{684AF42C-8C40-471C-BB21-108826BB3C47}.Debug|Any CPU.Build.0 = Debug|Any CPU
		{684AF42C-8C40-471C-BB21-108826BB3C47}.Release|Any CPU.ActiveCfg = Release|Any CPU
		{684AF42C-8C40-471C-BB21-108826BB3C47}.Release|Any CPU.Build.0 = Release|Any CPU
		{C868A2FB-B036-4B00-A52D-4E57ED508797}.Debug|Any CPU.ActiveCfg = Debug|Any CPU
		{C868A2FB-B036-4B00-A52D-4E57ED508797}.Debug|Any CPU.Build.0 = Debug|Any CPU
		{C868A2FB-B036-4B00-A52D-4E57ED508797}.Release|Any CPU.ActiveCfg = Release|Any CPU
		{C868A2FB-B036-4B00-A52D-4E57ED508797}.Release|Any CPU.Build.0 = Release|Any CPU
		{DC73C452-177D-4561-A798-AF663CFEA639}.Debug|Any CPU.ActiveCfg = Debug|Any CPU
		{DC73C452-177D-4561-A798-AF663CFEA639}.Debug|Any CPU.Build.0 = Debug|Any CPU
		{DC73C452-177D-4561-A798-AF663CFEA639}.Release|Any CPU.ActiveCfg = Release|Any CPU
		{DC73C452-177D-4561-A798-AF663CFEA639}.Release|Any CPU.Build.0 = Release|Any CPU
		{8B863F45-35A9-4E8B-B69F-E61A06DFFBC0}.Debug|Any CPU.ActiveCfg = Debug|Any CPU
		{8B863F45-35A9-4E8B-B69F-E61A06DFFBC0}.Debug|Any CPU.Build.0 = Debug|Any CPU
		{8B863F45-35A9-4E8B-B69F-E61A06DFFBC0}.Release|Any CPU.ActiveCfg = Release|Any CPU
		{8B863F45-35A9-4E8B-B69F-E61A06DFFBC0}.Release|Any CPU.Build.0 = Release|Any CPU
		{4D92B237-5559-4C51-A46D-9107E1117412}.Debug|Any CPU.ActiveCfg = Debug|Any CPU
		{4D92B237-5559-4C51-A46D-9107E1117412}.Debug|Any CPU.Build.0 = Debug|Any CPU
		{4D92B237-5559-4C51-A46D-9107E1117412}.Release|Any CPU.ActiveCfg = Release|Any CPU
		{4D92B237-5559-4C51-A46D-9107E1117412}.Release|Any CPU.Build.0 = Release|Any CPU
		{FCD06B51-B6C5-4DA8-A6FD-718149947ECA}.Debug|Any CPU.ActiveCfg = Debug|Any CPU
		{FCD06B51-B6C5-4DA8-A6FD-718149947ECA}.Debug|Any CPU.Build.0 = Debug|Any CPU
		{FCD06B51-B6C5-4DA8-A6FD-718149947ECA}.Release|Any CPU.ActiveCfg = Release|Any CPU
		{FCD06B51-B6C5-4DA8-A6FD-718149947ECA}.Release|Any CPU.Build.0 = Release|Any CPU
		{1A6BC641-6FD9-45BA-A0C9-04B211B9CC69}.Debug|Any CPU.ActiveCfg = Debug|Any CPU
		{1A6BC641-6FD9-45BA-A0C9-04B211B9CC69}.Debug|Any CPU.Build.0 = Debug|Any CPU
		{1A6BC641-6FD9-45BA-A0C9-04B211B9CC69}.Release|Any CPU.ActiveCfg = Release|Any CPU
		{1A6BC641-6FD9-45BA-A0C9-04B211B9CC69}.Release|Any CPU.Build.0 = Release|Any CPU
		{CBE530AE-E652-4B90-A6D2-63F3AFE884AD}.Debug|Any CPU.ActiveCfg = Debug|Any CPU
		{CBE530AE-E652-4B90-A6D2-63F3AFE884AD}.Debug|Any CPU.Build.0 = Debug|Any CPU
		{CBE530AE-E652-4B90-A6D2-63F3AFE884AD}.Release|Any CPU.ActiveCfg = Release|Any CPU
		{CBE530AE-E652-4B90-A6D2-63F3AFE884AD}.Release|Any CPU.Build.0 = Release|Any CPU
	EndGlobalSection
	GlobalSection(SolutionProperties) = preSolution
		HideSolutionNode = FALSE
	EndGlobalSection
EndGlobal
