
Microsoft Visual Studio Solution File, Format Version 12.00
# Visual Studio 2013
VisualStudioVersion = 12.0.40629.0
MinimumVisualStudioVersion = 10.0.40219.1
Project("{FAE04EC0-301F-11D3-BF4B-00C04F79EFBC}") = "Emergency-Skeleton", "Emergency-Skeleton\Emergency-Skeleton.csproj", "{36F736F3-8878-4A11-8E8F-DA00D641AECA}"
EndProject
Global
	GlobalSection(SolutionConfigurationPlatforms) = preSolution
		Debug|Any CPU = Debug|Any CPU
		Release|Any CPU = Release|Any CPU
	EndGlobalSection
	GlobalSection(ProjectConfigurationPlatforms) = postSolution
		{36F736F3-8878-4A11-8E8F-DA00D641AECA}.Debug|Any CPU.ActiveCfg = Debug|Any CPU
		{36F736F3-8878-4A11-8E8F-DA00D641AECA}.Debug|Any CPU.Build.0 = Debug|Any CPU
		{36F736F3-8878-4A11-8E8F-DA00D641AECA}.Release|Any CPU.ActiveCfg = Release|Any CPU
		{36F736F3-8878-4A11-8E8F-DA00D641AECA}.Release|Any CPU.Build.0 = Release|Any CPU
	EndGlobalSection
	GlobalSection(SolutionProperties) = preSolution
		HideSolutionNode = FALSE
	EndGlobalSection
EndGlobal
